
Microsoft Visual Studio Solution File, Format Version 12.00
# Visual Studio 15
VisualStudioVersion = 15.0.28010.2046
MinimumVisualStudioVersion = 10.0.40219.1
Project("{FAE04EC0-301F-11D3-BF4B-00C04F79EFBC}") = "local_search_algos", "local_search_algos\local_search_algos.csproj", "{36DA4430-97D8-405E-827B-DFF4E18BCEC2}"
EndProject
Global
	GlobalSection(SolutionConfigurationPlatforms) = preSolution
		Debug|Any CPU = Debug|Any CPU
		Release|Any CPU = Release|Any CPU
	EndGlobalSection
	GlobalSection(ProjectConfigurationPlatforms) = postSolution
		{36DA4430-97D8-405E-827B-DFF4E18BCEC2}.Debug|Any CPU.ActiveCfg = Debug|Any CPU
		{36DA4430-97D8-405E-827B-DFF4E18BCEC2}.Debug|Any CPU.Build.0 = Debug|Any CPU
		{36DA4430-97D8-405E-827B-DFF4E18BCEC2}.Release|Any CPU.ActiveCfg = Release|Any CPU
		{36DA4430-97D8-405E-827B-DFF4E18BCEC2}.Release|Any CPU.Build.0 = Release|Any CPU
	EndGlobalSection
	GlobalSection(SolutionProperties) = preSolution
		HideSolutionNode = FALSE
	EndGlobalSection
	GlobalSection(ExtensibilityGlobals) = postSolution
		SolutionGuid = {AFD5B794-9245-400D-AF45-95D88F0F6946}
	EndGlobalSection
EndGlobal
